
Microsoft Visual Studio Solution File, Format Version 12.00
# Visual Studio Version 16
VisualStudioVersion = 16.0.30406.217
MinimumVisualStudioVersion = 10.0.40219.1
Project("{FAE04EC0-301F-11D3-BF4B-00C04F79EFBC}") = "ArquivoCSV", "ArquivoCSV\ArquivoCSV.csproj", "{5EAF0E8E-362A-4B54-AC31-E64D1EF90DE0}"
EndProject
Global
	GlobalSection(SolutionConfigurationPlatforms) = preSolution
		Debug|Any CPU = Debug|Any CPU
		Release|Any CPU = Release|Any CPU
	EndGlobalSection
	GlobalSection(ProjectConfigurationPlatforms) = postSolution
		{5EAF0E8E-362A-4B54-AC31-E64D1EF90DE0}.Debug|Any CPU.ActiveCfg = Debug|Any CPU
		{5EAF0E8E-362A-4B54-AC31-E64D1EF90DE0}.Debug|Any CPU.Build.0 = Debug|Any CPU
		{5EAF0E8E-362A-4B54-AC31-E64D1EF90DE0}.Release|Any CPU.ActiveCfg = Release|Any CPU
		{5EAF0E8E-362A-4B54-AC31-E64D1EF90DE0}.Release|Any CPU.Build.0 = Release|Any CPU
	EndGlobalSection
	GlobalSection(SolutionProperties) = preSolution
		HideSolutionNode = FALSE
	EndGlobalSection
	GlobalSection(ExtensibilityGlobals) = postSolution
		SolutionGuid = {060E4B8D-D5D2-450F-854E-37B2674A92CF}
	EndGlobalSection
EndGlobal
